
Microsoft Visual Studio Solution File, Format Version 12.00
Project("{2150E333-8FDC-42A3-9474-1A3956D46DE8}") = "Presentation", "Presentation", "{7136AC2C-ED87-4C19-B3CB-28BCFD6E193A}"
EndProject
Project("{2150E333-8FDC-42A3-9474-1A3956D46DE8}") = "Solution Items", "Solution Items", "{8F070231-F179-4017-9546-6B19E12A5933}"
	ProjectSection(SolutionItems) = preProject
		compose.yaml = ../../docker-compose.yaml
		database.env = ../../database.env
		service.env = ../../service.env
	EndProjectSection
EndProject
Project("{FAE04EC0-301F-11D3-BF4B-00C04F79EFBC}") = "StudMart.PartnersMicroservice.Presentation.WebHost", "Presentation\StudMart.PartnersMicroservice.Presentation.WebHost\StudMart.PartnersMicroservice.Presentation.WebHost.csproj", "{C833E55D-B67C-470C-B9B4-4538A130DAAA}"
EndProject
Project("{2150E333-8FDC-42A3-9474-1A3956D46DE8}") = "Domain", "Domain", "{C17BA2E4-00F1-49E0-82C0-BC35AF1887E1}"
EndProject
Project("{2150E333-8FDC-42A3-9474-1A3956D46DE8}") = "Infrastructure", "Infrastructure", "{F9C2ED18-63CA-4C5A-9D7C-3F71EFBB0C1B}"
EndProject
Project("{2150E333-8FDC-42A3-9474-1A3956D46DE8}") = "BusinessLogic", "BusinessLogic", "{203668B2-CC5B-4BAB-B247-06A1E21FE865}"
EndProject
Project("{FAE04EC0-301F-11D3-BF4B-00C04F79EFBC}") = "StudMart.PartnersMicroservice.Domain.Entities", "Domain\StudMart.PartnersMicroservice.Domain.Entities\StudMart.PartnersMicroservice.Domain.Entities.csproj", "{AFF7C5DD-D67A-4BEC-BDDB-C6AE355F1FD4}"
EndProject
Project("{FAE04EC0-301F-11D3-BF4B-00C04F79EFBC}") = "StudMart.PartnersMicroservice.Domain.Factories.Abstractions", "Domain\StudMart.PartnersMicroservice.Domain.Factories.Abstractions\StudMart.PartnersMicroservice.Domain.Factories.Abstractions.csproj", "{B50CCB18-B35C-4FC9-BFEC-A8D74003269F}"
EndProject
Project("{FAE04EC0-301F-11D3-BF4B-00C04F79EFBC}") = "StudMart.PartnersMicroservice.BusinessLogic.Models", "BusinessLogic\StudMart.PartnersMicroservice.BusinessLogic.Models\StudMart.PartnersMicroservice.BusinessLogic.Models.csproj", "{58564B6A-6489-4418-8A34-593C158FEE31}"
EndProject
Project("{FAE04EC0-301F-11D3-BF4B-00C04F79EFBC}") = "StudMart.PartnersMicroservice.Domain.ValueObjects", "Domain\StudMart.PartnersMicroservice.Domain.ValueObjects\StudMart.PartnersMicroservice.Domain.ValueObjects.csproj", "{51BA91DB-8524-4900-AC3C-7AE624C0FDCC}"
EndProject
Project("{FAE04EC0-301F-11D3-BF4B-00C04F79EFBC}") = "StudMart.PartnersMicroservice.Domain.Repositories.Abstractions", "Domain\StudMart.PartnersMicroservice.Domain.Repositories.Abstractions\StudMart.PartnersMicroservice.Domain.Repositories.Abstractions.csproj", "{F757FA3C-6E78-4B63-9217-0CCBCEBF305C}"
EndProject
Project("{FAE04EC0-301F-11D3-BF4B-00C04F79EFBC}") = "StudMart.PartnersMicroservice.Domain.Factories.Implementations", "Domain\StudMart.PartnersMicroservice.Domain.Factories.Implementations\StudMart.PartnersMicroservice.Domain.Factories.Implementations.csproj", "{EF791AE9-13BA-495A-A37E-C0086B1A53BB}"
EndProject
Project("{FAE04EC0-301F-11D3-BF4B-00C04F79EFBC}") = "StudMart.PartnersMicroservice.Infrastructure.EntityFramework", "Infrastructure\StudMart.PartnersMicroservice.Infrastructure.EntityFramework\StudMart.PartnersMicroservice.Infrastructure.EntityFramework.csproj", "{7EA5B701-5902-400C-8104-E834F3A35381}"
EndProject
Project("{FAE04EC0-301F-11D3-BF4B-00C04F79EFBC}") = "StudMart.PartnersMicroservice.Infrastructure.Repositories.Implementation", "Infrastructure\StudMart.PartnersMicroservice.Infrastructure.Repositories.Implementation\StudMart.PartnersMicroservice.Infrastructure.Repositories.Implementation.csproj", "{2D78F393-2C30-4804-A460-68CFE4719538}"
EndProject
Project("{2150E333-8FDC-42A3-9474-1A3956D46DE8}") = "Tests", "Tests", "{A3A0A0E3-A6C5-45A7-B488-AD7BC00D7EF9}"
EndProject
Project("{FAE04EC0-301F-11D3-BF4B-00C04F79EFBC}") = "StudMart.PartnersMicroservice.Domain.ValueObjects.Tests", "Tests\StudMart.PartnersMicroservice.Domain.ValueObjects.Tests\StudMart.PartnersMicroservice.Domain.ValueObjects.Tests.csproj", "{5E55B680-DCCA-429E-BB08-C6E6CE713F05}"
EndProject
Project("{FAE04EC0-301F-11D3-BF4B-00C04F79EFBC}") = "StudMart.PartnersMicroservice.Domain.Entities.Tests", "Tests\StudMart.PartnersMicroservice.Domain.Entities.Tests\StudMart.PartnersMicroservice.Domain.Entities.Tests.csproj", "{2F4B9333-E6F3-4B6F-88A6-E6416B187D9E}"
EndProject
Project("{FAE04EC0-301F-11D3-BF4B-00C04F79EFBC}") = "StudMart.PartnersMicroservice.Domain.Factories.Tests", "Tests\StudMart.PartnersMicroservice.Domain.Factories.Tests\StudMart.PartnersMicroservice.Domain.Factories.Tests.csproj", "{D627EF8A-E315-410E-BC14-B854D76EC6C1}"
EndProject
Project("{2150E333-8FDC-42A3-9474-1A3956D46DE8}") = "Common", "Common", "{132F3D7D-0F6F-4D89-A085-592042916B94}"
EndProject
Project("{FAE04EC0-301F-11D3-BF4B-00C04F79EFBC}") = "StudMart.PartnersMicroservice.Common.Helpers", "Common\StudMart.PartnersMicroservice.Common.Helpers\StudMart.PartnersMicroservice.Common.Helpers.csproj", "{8A6C4512-9FCF-4959-A920-6304489CDB03}"
EndProject
Project("{FAE04EC0-301F-11D3-BF4B-00C04F79EFBC}") = "StudMart.PartnersMicroservice.Domain.Factories.Contracts", "Domain\StudMart.PartnersMicroservice.Domain.Factories.Contracts\StudMart.PartnersMicroservice.Domain.Factories.Contracts.csproj", "{AC2F0F5C-60B4-4C5D-9DC6-7117DAEB50EC}"
EndProject
Project("{FAE04EC0-301F-11D3-BF4B-00C04F79EFBC}") = "StudMart.PartnersMicroservice.Tests.Common", "Tests\StudMart.PartnersMicroservice.Tests.Common\StudMart.PartnersMicroservice.Tests.Common.csproj", "{485DCABB-7C5B-4F81-9650-80EC19816A27}"
EndProject
Project("{FAE04EC0-301F-11D3-BF4B-00C04F79EFBC}") = "StudMart.PartnersMicroservice.BusinessLogic.Commands", "BusinessLogic\StudMart.PartnersMicroservice.BusinessLogic.Commands\StudMart.PartnersMicroservice.BusinessLogic.Commands.csproj", "{AC20D1AC-901E-43B2-83C8-6F807C19079A}"
EndProject
Project("{FAE04EC0-301F-11D3-BF4B-00C04F79EFBC}") = "StudMart.PartnersMicroservice.BusinessLogic.Queries", "BusinessLogic\StudMart.PartnersMicroservice.BusinessLogic.Queries\StudMart.PartnersMicroservice.BusinessLogic.Queries.csproj", "{6B287A54-863C-458E-B1CD-15419BB4E32B}"
EndProject
Project("{FAE04EC0-301F-11D3-BF4B-00C04F79EFBC}") = "StudMart.PartnersMicroservice.BusinessLogic.Mapping", "BusinessLogic\StudMart.PartnersMicroservice.BusinessLogic.Mapping\StudMart.PartnersMicroservice.BusinessLogic.Mapping.csproj", "{2C237A24-6AB1-46D7-9043-9F2F4D2FAD20}"
EndProject
Project("{FAE04EC0-301F-11D3-BF4B-00C04F79EFBC}") = "StudMart.PartnersMicroservice.Infrastructure.RabbitMq", "Infrastructure\StudMart.PartnersMicroservice.Infrastructure.RabbitMq\StudMart.PartnersMicroservice.Infrastructure.RabbitMq.csproj", "{479DE046-1129-4ED2-8EC1-B874391E9566}"
EndProject
Global
	GlobalSection(SolutionConfigurationPlatforms) = preSolution
		Debug|Any CPU = Debug|Any CPU
		Release|Any CPU = Release|Any CPU
	EndGlobalSection
	GlobalSection(ProjectConfigurationPlatforms) = postSolution
		{C833E55D-B67C-470C-B9B4-4538A130DAAA}.Debug|Any CPU.ActiveCfg = Debug|Any CPU
		{C833E55D-B67C-470C-B9B4-4538A130DAAA}.Debug|Any CPU.Build.0 = Debug|Any CPU
		{C833E55D-B67C-470C-B9B4-4538A130DAAA}.Release|Any CPU.ActiveCfg = Release|Any CPU
		{C833E55D-B67C-470C-B9B4-4538A130DAAA}.Release|Any CPU.Build.0 = Release|Any CPU
		{AFF7C5DD-D67A-4BEC-BDDB-C6AE355F1FD4}.Debug|Any CPU.ActiveCfg = Debug|Any CPU
		{AFF7C5DD-D67A-4BEC-BDDB-C6AE355F1FD4}.Debug|Any CPU.Build.0 = Debug|Any CPU
		{AFF7C5DD-D67A-4BEC-BDDB-C6AE355F1FD4}.Release|Any CPU.ActiveCfg = Release|Any CPU
		{AFF7C5DD-D67A-4BEC-BDDB-C6AE355F1FD4}.Release|Any CPU.Build.0 = Release|Any CPU
		{B50CCB18-B35C-4FC9-BFEC-A8D74003269F}.Debug|Any CPU.ActiveCfg = Debug|Any CPU
		{B50CCB18-B35C-4FC9-BFEC-A8D74003269F}.Debug|Any CPU.Build.0 = Debug|Any CPU
		{B50CCB18-B35C-4FC9-BFEC-A8D74003269F}.Release|Any CPU.ActiveCfg = Release|Any CPU
		{B50CCB18-B35C-4FC9-BFEC-A8D74003269F}.Release|Any CPU.Build.0 = Release|Any CPU
		{58564B6A-6489-4418-8A34-593C158FEE31}.Debug|Any CPU.ActiveCfg = Debug|Any CPU
		{58564B6A-6489-4418-8A34-593C158FEE31}.Debug|Any CPU.Build.0 = Debug|Any CPU
		{58564B6A-6489-4418-8A34-593C158FEE31}.Release|Any CPU.ActiveCfg = Release|Any CPU
		{58564B6A-6489-4418-8A34-593C158FEE31}.Release|Any CPU.Build.0 = Release|Any CPU
		{51BA91DB-8524-4900-AC3C-7AE624C0FDCC}.Debug|Any CPU.ActiveCfg = Debug|Any CPU
		{51BA91DB-8524-4900-AC3C-7AE624C0FDCC}.Debug|Any CPU.Build.0 = Debug|Any CPU
		{51BA91DB-8524-4900-AC3C-7AE624C0FDCC}.Release|Any CPU.ActiveCfg = Release|Any CPU
		{51BA91DB-8524-4900-AC3C-7AE624C0FDCC}.Release|Any CPU.Build.0 = Release|Any CPU
		{F757FA3C-6E78-4B63-9217-0CCBCEBF305C}.Debug|Any CPU.ActiveCfg = Debug|Any CPU
		{F757FA3C-6E78-4B63-9217-0CCBCEBF305C}.Debug|Any CPU.Build.0 = Debug|Any CPU
		{F757FA3C-6E78-4B63-9217-0CCBCEBF305C}.Release|Any CPU.ActiveCfg = Release|Any CPU
		{F757FA3C-6E78-4B63-9217-0CCBCEBF305C}.Release|Any CPU.Build.0 = Release|Any CPU
		{EF791AE9-13BA-495A-A37E-C0086B1A53BB}.Debug|Any CPU.ActiveCfg = Debug|Any CPU
		{EF791AE9-13BA-495A-A37E-C0086B1A53BB}.Debug|Any CPU.Build.0 = Debug|Any CPU
		{EF791AE9-13BA-495A-A37E-C0086B1A53BB}.Release|Any CPU.ActiveCfg = Release|Any CPU
		{EF791AE9-13BA-495A-A37E-C0086B1A53BB}.Release|Any CPU.Build.0 = Release|Any CPU
		{7EA5B701-5902-400C-8104-E834F3A35381}.Debug|Any CPU.ActiveCfg = Debug|Any CPU
		{7EA5B701-5902-400C-8104-E834F3A35381}.Debug|Any CPU.Build.0 = Debug|Any CPU
		{7EA5B701-5902-400C-8104-E834F3A35381}.Release|Any CPU.ActiveCfg = Release|Any CPU
		{7EA5B701-5902-400C-8104-E834F3A35381}.Release|Any CPU.Build.0 = Release|Any CPU
		{2D78F393-2C30-4804-A460-68CFE4719538}.Debug|Any CPU.ActiveCfg = Debug|Any CPU
		{2D78F393-2C30-4804-A460-68CFE4719538}.Debug|Any CPU.Build.0 = Debug|Any CPU
		{2D78F393-2C30-4804-A460-68CFE4719538}.Release|Any CPU.ActiveCfg = Release|Any CPU
		{2D78F393-2C30-4804-A460-68CFE4719538}.Release|Any CPU.Build.0 = Release|Any CPU
		{5E55B680-DCCA-429E-BB08-C6E6CE713F05}.Debug|Any CPU.ActiveCfg = Debug|Any CPU
		{5E55B680-DCCA-429E-BB08-C6E6CE713F05}.Debug|Any CPU.Build.0 = Debug|Any CPU
		{5E55B680-DCCA-429E-BB08-C6E6CE713F05}.Release|Any CPU.ActiveCfg = Release|Any CPU
		{5E55B680-DCCA-429E-BB08-C6E6CE713F05}.Release|Any CPU.Build.0 = Release|Any CPU
		{2F4B9333-E6F3-4B6F-88A6-E6416B187D9E}.Debug|Any CPU.ActiveCfg = Debug|Any CPU
		{2F4B9333-E6F3-4B6F-88A6-E6416B187D9E}.Debug|Any CPU.Build.0 = Debug|Any CPU
		{2F4B9333-E6F3-4B6F-88A6-E6416B187D9E}.Release|Any CPU.ActiveCfg = Release|Any CPU
		{2F4B9333-E6F3-4B6F-88A6-E6416B187D9E}.Release|Any CPU.Build.0 = Release|Any CPU
		{D627EF8A-E315-410E-BC14-B854D76EC6C1}.Debug|Any CPU.ActiveCfg = Debug|Any CPU
		{D627EF8A-E315-410E-BC14-B854D76EC6C1}.Debug|Any CPU.Build.0 = Debug|Any CPU
		{D627EF8A-E315-410E-BC14-B854D76EC6C1}.Release|Any CPU.ActiveCfg = Release|Any CPU
		{D627EF8A-E315-410E-BC14-B854D76EC6C1}.Release|Any CPU.Build.0 = Release|Any CPU
		{8A6C4512-9FCF-4959-A920-6304489CDB03}.Debug|Any CPU.ActiveCfg = Debug|Any CPU
		{8A6C4512-9FCF-4959-A920-6304489CDB03}.Debug|Any CPU.Build.0 = Debug|Any CPU
		{8A6C4512-9FCF-4959-A920-6304489CDB03}.Release|Any CPU.ActiveCfg = Release|Any CPU
		{8A6C4512-9FCF-4959-A920-6304489CDB03}.Release|Any CPU.Build.0 = Release|Any CPU
		{AC2F0F5C-60B4-4C5D-9DC6-7117DAEB50EC}.Debug|Any CPU.ActiveCfg = Debug|Any CPU
		{AC2F0F5C-60B4-4C5D-9DC6-7117DAEB50EC}.Debug|Any CPU.Build.0 = Debug|Any CPU
		{AC2F0F5C-60B4-4C5D-9DC6-7117DAEB50EC}.Release|Any CPU.ActiveCfg = Release|Any CPU
		{AC2F0F5C-60B4-4C5D-9DC6-7117DAEB50EC}.Release|Any CPU.Build.0 = Release|Any CPU
		{485DCABB-7C5B-4F81-9650-80EC19816A27}.Debug|Any CPU.ActiveCfg = Debug|Any CPU
		{485DCABB-7C5B-4F81-9650-80EC19816A27}.Debug|Any CPU.Build.0 = Debug|Any CPU
		{485DCABB-7C5B-4F81-9650-80EC19816A27}.Release|Any CPU.ActiveCfg = Release|Any CPU
		{485DCABB-7C5B-4F81-9650-80EC19816A27}.Release|Any CPU.Build.0 = Release|Any CPU
		{AC20D1AC-901E-43B2-83C8-6F807C19079A}.Debug|Any CPU.ActiveCfg = Debug|Any CPU
		{AC20D1AC-901E-43B2-83C8-6F807C19079A}.Debug|Any CPU.Build.0 = Debug|Any CPU
		{AC20D1AC-901E-43B2-83C8-6F807C19079A}.Release|Any CPU.ActiveCfg = Release|Any CPU
		{AC20D1AC-901E-43B2-83C8-6F807C19079A}.Release|Any CPU.Build.0 = Release|Any CPU
		{6B287A54-863C-458E-B1CD-15419BB4E32B}.Debug|Any CPU.ActiveCfg = Debug|Any CPU
		{6B287A54-863C-458E-B1CD-15419BB4E32B}.Debug|Any CPU.Build.0 = Debug|Any CPU
		{6B287A54-863C-458E-B1CD-15419BB4E32B}.Release|Any CPU.ActiveCfg = Release|Any CPU
		{6B287A54-863C-458E-B1CD-15419BB4E32B}.Release|Any CPU.Build.0 = Release|Any CPU
		{2C237A24-6AB1-46D7-9043-9F2F4D2FAD20}.Debug|Any CPU.ActiveCfg = Debug|Any CPU
		{2C237A24-6AB1-46D7-9043-9F2F4D2FAD20}.Debug|Any CPU.Build.0 = Debug|Any CPU
		{2C237A24-6AB1-46D7-9043-9F2F4D2FAD20}.Release|Any CPU.ActiveCfg = Release|Any CPU
		{2C237A24-6AB1-46D7-9043-9F2F4D2FAD20}.Release|Any CPU.Build.0 = Release|Any CPU
		{479DE046-1129-4ED2-8EC1-B874391E9566}.Debug|Any CPU.ActiveCfg = Debug|Any CPU
		{479DE046-1129-4ED2-8EC1-B874391E9566}.Debug|Any CPU.Build.0 = Debug|Any CPU
		{479DE046-1129-4ED2-8EC1-B874391E9566}.Release|Any CPU.ActiveCfg = Release|Any CPU
		{479DE046-1129-4ED2-8EC1-B874391E9566}.Release|Any CPU.Build.0 = Release|Any CPU
	EndGlobalSection
	GlobalSection(NestedProjects) = preSolution
		{C833E55D-B67C-470C-B9B4-4538A130DAAA} = {7136AC2C-ED87-4C19-B3CB-28BCFD6E193A}
		{AFF7C5DD-D67A-4BEC-BDDB-C6AE355F1FD4} = {C17BA2E4-00F1-49E0-82C0-BC35AF1887E1}
		{B50CCB18-B35C-4FC9-BFEC-A8D74003269F} = {C17BA2E4-00F1-49E0-82C0-BC35AF1887E1}
		{58564B6A-6489-4418-8A34-593C158FEE31} = {203668B2-CC5B-4BAB-B247-06A1E21FE865}
		{51BA91DB-8524-4900-AC3C-7AE624C0FDCC} = {C17BA2E4-00F1-49E0-82C0-BC35AF1887E1}
		{F757FA3C-6E78-4B63-9217-0CCBCEBF305C} = {C17BA2E4-00F1-49E0-82C0-BC35AF1887E1}
		{EF791AE9-13BA-495A-A37E-C0086B1A53BB} = {C17BA2E4-00F1-49E0-82C0-BC35AF1887E1}
		{7EA5B701-5902-400C-8104-E834F3A35381} = {F9C2ED18-63CA-4C5A-9D7C-3F71EFBB0C1B}
		{2D78F393-2C30-4804-A460-68CFE4719538} = {F9C2ED18-63CA-4C5A-9D7C-3F71EFBB0C1B}
		{5E55B680-DCCA-429E-BB08-C6E6CE713F05} = {A3A0A0E3-A6C5-45A7-B488-AD7BC00D7EF9}
		{2F4B9333-E6F3-4B6F-88A6-E6416B187D9E} = {A3A0A0E3-A6C5-45A7-B488-AD7BC00D7EF9}
		{D627EF8A-E315-410E-BC14-B854D76EC6C1} = {A3A0A0E3-A6C5-45A7-B488-AD7BC00D7EF9}
		{8A6C4512-9FCF-4959-A920-6304489CDB03} = {132F3D7D-0F6F-4D89-A085-592042916B94}
		{AC2F0F5C-60B4-4C5D-9DC6-7117DAEB50EC} = {C17BA2E4-00F1-49E0-82C0-BC35AF1887E1}
		{485DCABB-7C5B-4F81-9650-80EC19816A27} = {A3A0A0E3-A6C5-45A7-B488-AD7BC00D7EF9}
		{AC20D1AC-901E-43B2-83C8-6F807C19079A} = {203668B2-CC5B-4BAB-B247-06A1E21FE865}
		{6B287A54-863C-458E-B1CD-15419BB4E32B} = {203668B2-CC5B-4BAB-B247-06A1E21FE865}
		{2C237A24-6AB1-46D7-9043-9F2F4D2FAD20} = {203668B2-CC5B-4BAB-B247-06A1E21FE865}
		{479DE046-1129-4ED2-8EC1-B874391E9566} = {F9C2ED18-63CA-4C5A-9D7C-3F71EFBB0C1B}
	EndGlobalSection
EndGlobal
